
Microsoft Visual Studio Solution File, Format Version 12.00
# Visual Studio Version 17
VisualStudioVersion = 17.13.35825.156
MinimumVisualStudioVersion = 10.0.40219.1
Project("{9A19103F-16F7-4668-BE54-9A1E7A4F7556}") = "talk2", "talk2.csproj", "{8887FCDC-519E-420C-AD6B-FD45C5293FA3}"
EndProject
Project("{9A19103F-16F7-4668-BE54-9A1E7A4F7556}") = "talkLib", "..\wpftalklib\talkLib.csproj", "{0982BD7F-EC39-4DE4-95BD-BDF27DE6B67D}"
EndProject
Global
	GlobalSection(SolutionConfigurationPlatforms) = preSolution
		Debug|Any CPU = Debug|Any CPU
		Debug|x86 = Debug|x86
		Release|Any CPU = Release|Any CPU
		Release|x86 = Release|x86
	EndGlobalSection
	GlobalSection(ProjectConfigurationPlatforms) = postSolution
		{8887FCDC-519E-420C-AD6B-FD45C5293FA3}.Debug|Any CPU.ActiveCfg = Debug|Any CPU
		{8887FCDC-519E-420C-AD6B-FD45C5293FA3}.Debug|Any CPU.Build.0 = Debug|Any CPU
		{8887FCDC-519E-420C-AD6B-FD45C5293FA3}.Debug|x86.ActiveCfg = Debug|Any CPU
		{8887FCDC-519E-420C-AD6B-FD45C5293FA3}.Debug|x86.Build.0 = Debug|Any CPU
		{8887FCDC-519E-420C-AD6B-FD45C5293FA3}.Release|Any CPU.ActiveCfg = Release|Any CPU
		{8887FCDC-519E-420C-AD6B-FD45C5293FA3}.Release|Any CPU.Build.0 = Release|Any CPU
		{8887FCDC-519E-420C-AD6B-FD45C5293FA3}.Release|x86.ActiveCfg = Release|Any CPU
		{8887FCDC-519E-420C-AD6B-FD45C5293FA3}.Release|x86.Build.0 = Release|Any CPU
		{0982BD7F-EC39-4DE4-95BD-BDF27DE6B67D}.Debug|Any CPU.ActiveCfg = Debug|Any CPU
		{0982BD7F-EC39-4DE4-95BD-BDF27DE6B67D}.Debug|Any CPU.Build.0 = Debug|Any CPU
		{0982BD7F-EC39-4DE4-95BD-BDF27DE6B67D}.Debug|x86.ActiveCfg = Debug|Any CPU
		{0982BD7F-EC39-4DE4-95BD-BDF27DE6B67D}.Debug|x86.Build.0 = Debug|Any CPU
		{0982BD7F-EC39-4DE4-95BD-BDF27DE6B67D}.Release|Any CPU.ActiveCfg = Release|Any CPU
		{0982BD7F-EC39-4DE4-95BD-BDF27DE6B67D}.Release|Any CPU.Build.0 = Release|Any CPU
		{0982BD7F-EC39-4DE4-95BD-BDF27DE6B67D}.Release|x86.ActiveCfg = Release|Any CPU
		{0982BD7F-EC39-4DE4-95BD-BDF27DE6B67D}.Release|x86.Build.0 = Release|Any CPU
	EndGlobalSection
	GlobalSection(SolutionProperties) = preSolution
		HideSolutionNode = FALSE
	EndGlobalSection
	GlobalSection(ExtensibilityGlobals) = postSolution
		SolutionGuid = {3353BA72-8C9C-49D7-A753-2A5DA5D8739E}
	EndGlobalSection
EndGlobal
