
Microsoft Visual Studio Solution File, Format Version 12.00
# Visual Studio Version 17
VisualStudioVersion = 17.13.35825.156
MinimumVisualStudioVersion = 10.0.40219.1
Project("{FAE04EC0-301F-11D3-BF4B-00C04F79EFBC}") = "talk2", "talk2.csproj", "{8887FCDC-519E-420C-AD6B-FD45C5293FA3}"
EndProject
Project("{FAE04EC0-301F-11D3-BF4B-00C04F79EFBC}") = "OTILib", "..\talk2Lib\OTILib\OTILib.csproj", "{ACD0826E-DB57-51BE-1F6D-BDF2E7574FA8}"
EndProject
Global
	GlobalSection(SolutionConfigurationPlatforms) = preSolution
		Debug|Any CPU = Debug|Any CPU
		Release|Any CPU = Release|Any CPU
	EndGlobalSection
	GlobalSection(ProjectConfigurationPlatforms) = postSolution
		{8887FCDC-519E-420C-AD6B-FD45C5293FA3}.Debug|Any CPU.ActiveCfg = Debug|Any CPU
		{8887FCDC-519E-420C-AD6B-FD45C5293FA3}.Debug|Any CPU.Build.0 = Debug|Any CPU
		{8887FCDC-519E-420C-AD6B-FD45C5293FA3}.Release|Any CPU.ActiveCfg = Release|Any CPU
		{8887FCDC-519E-420C-AD6B-FD45C5293FA3}.Release|Any CPU.Build.0 = Release|Any CPU
		{ACD0826E-DB57-51BE-1F6D-BDF2E7574FA8}.Debug|Any CPU.ActiveCfg = Debug|Any CPU
		{ACD0826E-DB57-51BE-1F6D-BDF2E7574FA8}.Debug|Any CPU.Build.0 = Debug|Any CPU
		{ACD0826E-DB57-51BE-1F6D-BDF2E7574FA8}.Release|Any CPU.ActiveCfg = Release|Any CPU
		{ACD0826E-DB57-51BE-1F6D-BDF2E7574FA8}.Release|Any CPU.Build.0 = Release|Any CPU
	EndGlobalSection
	GlobalSection(SolutionProperties) = preSolution
		HideSolutionNode = FALSE
	EndGlobalSection
	GlobalSection(ExtensibilityGlobals) = postSolution
		SolutionGuid = {3353BA72-8C9C-49D7-A753-2A5DA5D8739E}
	EndGlobalSection
EndGlobal
